// !$*UTF8*$!
{
	archiveVersion = 1;
	classes = {
	};
	objectVersion = 46;
	objects = {

/* Begin PBXBuildFile section */
		3511F6FC1CD0F47A00B5D936 /* AppDelegate.swift in Sources */ = {isa = PBXBuildFile; fileRef = 3511F6FB1CD0F47A00B5D936 /* AppDelegate.swift */; };
		3511F7011CD0F47A00B5D936 /* Main.storyboard in Resources */ = {isa = PBXBuildFile; fileRef = 3511F6FF1CD0F47A00B5D936 /* Main.storyboard */; };
		3511F7031CD0F47A00B5D936 /* Assets.xcassets in Resources */ = {isa = PBXBuildFile; fileRef = 3511F7021CD0F47A00B5D936 /* Assets.xcassets */; };
		3511F7061CD0F47A00B5D936 /* LaunchScreen.storyboard in Resources */ = {isa = PBXBuildFile; fileRef = 3511F7041CD0F47A00B5D936 /* LaunchScreen.storyboard */; };
		3511F7111CD0F47A00B5D936 /* CollectionViewTestTests.swift in Sources */ = {isa = PBXBuildFile; fileRef = 3511F7101CD0F47A00B5D936 /* CollectionViewTestTests.swift */; };
		3511F71C1CD0F47B00B5D936 /* CollectionViewTestUITests.swift in Sources */ = {isa = PBXBuildFile; fileRef = 3511F71B1CD0F47B00B5D936 /* CollectionViewTestUITests.swift */; };
		3511F72D1CD0F6CC00B5D936 /* CategoryCollectionViewCell.swift in Sources */ = {isa = PBXBuildFile; fileRef = 3511F72B1CD0F6CC00B5D936 /* CategoryCollectionViewCell.swift */; };
		35FD19481CD247E80040BB90 /* TableViewController.swift in Sources */ = {isa = PBXBuildFile; fileRef = 35FD19471CD247E80040BB90 /* TableViewController.swift */; };
		35FD194A1CD248B40040BB90 /* CategoryTableViewCell.swift in Sources */ = {isa = PBXBuildFile; fileRef = 35FD19491CD248B40040BB90 /* CategoryTableViewCell.swift */; };
		35FD194F1CD3777A0040BB90 /* CustomSectionHeaderFlowLayout.swift in Sources */ = {isa = PBXBuildFile; fileRef = 35FD194E1CD3777A0040BB90 /* CustomSectionHeaderFlowLayout.swift */; };
		9E787C761CD2594400C23C55 /* ArticleTableViewCell.swift in Sources */ = {isa = PBXBuildFile; fileRef = 9E787C741CD2594400C23C55 /* ArticleTableViewCell.swift */; };
		9E787C791CD26ACA00C23C55 /* CategorySectionReusableView.swift in Sources */ = {isa = PBXBuildFile; fileRef = 9E787C781CD26ACA00C23C55 /* CategorySectionReusableView.swift */; };
/* End PBXBuildFile section */

/* Begin PBXContainerItemProxy section */
		3511F70D1CD0F47A00B5D936 /* PBXContainerItemProxy */ = {
			isa = PBXContainerItemProxy;
			containerPortal = 3511F6F01CD0F47A00B5D936 /* Project object */;
			proxyType = 1;
			remoteGlobalIDString = 3511F6F71CD0F47A00B5D936;
			remoteInfo = CollectionViewTest;
		};
		3511F7181CD0F47B00B5D936 /* PBXContainerItemProxy */ = {
			isa = PBXContainerItemProxy;
			containerPortal = 3511F6F01CD0F47A00B5D936 /* Project object */;
			proxyType = 1;
			remoteGlobalIDString = 3511F6F71CD0F47A00B5D936;
			remoteInfo = CollectionViewTest;
		};
/* End PBXContainerItemProxy section */

/* Begin PBXFileReference section */
		3511F6F81CD0F47A00B5D936 /* CollectionViewTest.app */ = {isa = PBXFileReference; explicitFileType = wrapper.application; includeInIndex = 0; path = CollectionViewTest.app; sourceTree = BUILT_PRODUCTS_DIR; };
		3511F6FB1CD0F47A00B5D936 /* AppDelegate.swift */ = {isa = PBXFileReference; lastKnownFileType = sourcecode.swift; path = AppDelegate.swift; sourceTree = "<group>"; };
		3511F7001CD0F47A00B5D936 /* Base */ = {isa = PBXFileReference; lastKnownFileType = file.storyboard; name = Base; path = Base.lproj/Main.storyboard; sourceTree = "<group>"; };
		3511F7021CD0F47A00B5D936 /* Assets.xcassets */ = {isa = PBXFileReference; lastKnownFileType = folder.assetcatalog; path = Assets.xcassets; sourceTree = "<group>"; };
		3511F7051CD0F47A00B5D936 /* Base */ = {isa = PBXFileReference; lastKnownFileType = file.storyboard; name = Base; path = Base.lproj/LaunchScreen.storyboard; sourceTree = "<group>"; };
		3511F7071CD0F47A00B5D936 /* Info.plist */ = {isa = PBXFileReference; lastKnownFileType = text.plist.xml; path = Info.plist; sourceTree = "<group>"; };
		3511F70C1CD0F47A00B5D936 /* CollectionViewTestTests.xctest */ = {isa = PBXFileReference; explicitFileType = wrapper.cfbundle; includeInIndex = 0; path = CollectionViewTestTests.xctest; sourceTree = BUILT_PRODUCTS_DIR; };
		3511F7101CD0F47A00B5D936 /* CollectionViewTestTests.swift */ = {isa = PBXFileReference; lastKnownFileType = sourcecode.swift; path = CollectionViewTestTests.swift; sourceTree = "<group>"; };
		3511F7121CD0F47A00B5D936 /* Info.plist */ = {isa = PBXFileReference; lastKnownFileType = text.plist.xml; path = Info.plist; sourceTree = "<group>"; };
		3511F7171CD0F47B00B5D936 /* CollectionViewTestUITests.xctest */ = {isa = PBXFileReference; explicitFileType = wrapper.cfbundle; includeInIndex = 0; path = CollectionViewTestUITests.xctest; sourceTree = BUILT_PRODUCTS_DIR; };
		3511F71B1CD0F47B00B5D936 /* CollectionViewTestUITests.swift */ = {isa = PBXFileReference; lastKnownFileType = sourcecode.swift; path = CollectionViewTestUITests.swift; sourceTree = "<group>"; };
		3511F71D1CD0F47B00B5D936 /* Info.plist */ = {isa = PBXFileReference; lastKnownFileType = text.plist.xml; path = Info.plist; sourceTree = "<group>"; };
		3511F72B1CD0F6CC00B5D936 /* CategoryCollectionViewCell.swift */ = {isa = PBXFileReference; fileEncoding = 4; lastKnownFileType = sourcecode.swift; path = CategoryCollectionViewCell.swift; sourceTree = "<group>"; };
		35FD19471CD247E80040BB90 /* TableViewController.swift */ = {isa = PBXFileReference; fileEncoding = 4; lastKnownFileType = sourcecode.swift; path = TableViewController.swift; sourceTree = "<group>"; };
		35FD19491CD248B40040BB90 /* CategoryTableViewCell.swift */ = {isa = PBXFileReference; fileEncoding = 4; lastKnownFileType = sourcecode.swift; path = CategoryTableViewCell.swift; sourceTree = "<group>"; };
		35FD194E1CD3777A0040BB90 /* CustomSectionHeaderFlowLayout.swift */ = {isa = PBXFileReference; fileEncoding = 4; lastKnownFileType = sourcecode.swift; path = CustomSectionHeaderFlowLayout.swift; sourceTree = "<group>"; };
		9E787C741CD2594400C23C55 /* ArticleTableViewCell.swift */ = {isa = PBXFileReference; fileEncoding = 4; lastKnownFileType = sourcecode.swift; path = ArticleTableViewCell.swift; sourceTree = "<group>"; };
		9E787C781CD26ACA00C23C55 /* CategorySectionReusableView.swift */ = {isa = PBXFileReference; fileEncoding = 4; lastKnownFileType = sourcecode.swift; path = CategorySectionReusableView.swift; sourceTree = "<group>"; };
/* End PBXFileReference section */

/* Begin PBXFrameworksBuildPhase section */
		3511F6F51CD0F47A00B5D936 /* Frameworks */ = {
			isa = PBXFrameworksBuildPhase;
			buildActionMask = 2147483647;
			files = (
			);
			runOnlyForDeploymentPostprocessing = 0;
		};
		3511F7091CD0F47A00B5D936 /* Frameworks */ = {
			isa = PBXFrameworksBuildPhase;
			buildActionMask = 2147483647;
			files = (
			);
			runOnlyForDeploymentPostprocessing = 0;
		};
		3511F7141CD0F47B00B5D936 /* Frameworks */ = {
			isa = PBXFrameworksBuildPhase;
			buildActionMask = 2147483647;
			files = (
			);
			runOnlyForDeploymentPostprocessing = 0;
		};
/* End PBXFrameworksBuildPhase section */

/* Begin PBXGroup section */
		3511F6EF1CD0F47A00B5D936 = {
			isa = PBXGroup;
			children = (
				3511F6FA1CD0F47A00B5D936 /* CollectionViewTest */,
				3511F70F1CD0F47A00B5D936 /* CollectionViewTestTests */,
				3511F71A1CD0F47B00B5D936 /* CollectionViewTestUITests */,
				3511F6F91CD0F47A00B5D936 /* Products */,
			);
			sourceTree = "<group>";
		};
		3511F6F91CD0F47A00B5D936 /* Products */ = {
			isa = PBXGroup;
			children = (
				3511F6F81CD0F47A00B5D936 /* CollectionViewTest.app */,
				3511F70C1CD0F47A00B5D936 /* CollectionViewTestTests.xctest */,
				3511F7171CD0F47B00B5D936 /* CollectionViewTestUITests.xctest */,
			);
			name = Products;
			sourceTree = "<group>";
		};
		3511F6FA1CD0F47A00B5D936 /* CollectionViewTest */ = {
			isa = PBXGroup;
			children = (
				3511F6FB1CD0F47A00B5D936 /* AppDelegate.swift */,
				35FD19471CD247E80040BB90 /* TableViewController.swift */,
				3511F6FF1CD0F47A00B5D936 /* Main.storyboard */,
				3511F7021CD0F47A00B5D936 /* Assets.xcassets */,
				3511F7041CD0F47A00B5D936 /* LaunchScreen.storyboard */,
				3511F7071CD0F47A00B5D936 /* Info.plist */,
				9E787C741CD2594400C23C55 /* ArticleTableViewCell.swift */,
				35FD19491CD248B40040BB90 /* CategoryTableViewCell.swift */,
				3511F72B1CD0F6CC00B5D936 /* CategoryCollectionViewCell.swift */,
				9E787C781CD26ACA00C23C55 /* CategorySectionReusableView.swift */,
				35FD194E1CD3777A0040BB90 /* CustomSectionHeaderFlowLayout.swift */,
			);
			path = CollectionViewTest;
			sourceTree = "<group>";
		};
		3511F70F1CD0F47A00B5D936 /* CollectionViewTestTests */ = {
			isa = PBXGroup;
			children = (
				3511F7101CD0F47A00B5D936 /* CollectionViewTestTests.swift */,
				3511F7121CD0F47A00B5D936 /* Info.plist */,
			);
			path = CollectionViewTestTests;
			sourceTree = "<group>";
		};
		3511F71A1CD0F47B00B5D936 /* CollectionViewTestUITests */ = {
			isa = PBXGroup;
			children = (
				3511F71B1CD0F47B00B5D936 /* CollectionViewTestUITests.swift */,
				3511F71D1CD0F47B00B5D936 /* Info.plist */,
			);
			path = CollectionViewTestUITests;
			sourceTree = "<group>";
		};
/* End PBXGroup section */

/* Begin PBXNativeTarget section */
		3511F6F71CD0F47A00B5D936 /* CollectionViewTest */ = {
			isa = PBXNativeTarget;
			buildConfigurationList = 3511F7201CD0F47B00B5D936 /* Build configuration list for PBXNativeTarget "CollectionViewTest" */;
			buildPhases = (
				3511F6F41CD0F47A00B5D936 /* Sources */,
				3511F6F51CD0F47A00B5D936 /* Frameworks */,
				3511F6F61CD0F47A00B5D936 /* Resources */,
			);
			buildRules = (
			);
			dependencies = (
			);
			name = CollectionViewTest;
			productName = CollectionViewTest;
			productReference = 3511F6F81CD0F47A00B5D936 /* CollectionViewTest.app */;
			productType = "com.apple.product-type.application";
		};
		3511F70B1CD0F47A00B5D936 /* CollectionViewTestTests */ = {
			isa = PBXNativeTarget;
			buildConfigurationList = 3511F7231CD0F47B00B5D936 /* Build configuration list for PBXNativeTarget "CollectionViewTestTests" */;
			buildPhases = (
				3511F7081CD0F47A00B5D936 /* Sources */,
				3511F7091CD0F47A00B5D936 /* Frameworks */,
				3511F70A1CD0F47A00B5D936 /* Resources */,
			);
			buildRules = (
			);
			dependencies = (
				3511F70E1CD0F47A00B5D936 /* PBXTargetDependency */,
			);
			name = CollectionViewTestTests;
			productName = CollectionViewTestTests;
			productReference = 3511F70C1CD0F47A00B5D936 /* CollectionViewTestTests.xctest */;
			productType = "com.apple.product-type.bundle.unit-test";
		};
		3511F7161CD0F47B00B5D936 /* CollectionViewTestUITests */ = {
			isa = PBXNativeTarget;
			buildConfigurationList = 3511F7261CD0F47B00B5D936 /* Build configuration list for PBXNativeTarget "CollectionViewTestUITests" */;
			buildPhases = (
				3511F7131CD0F47B00B5D936 /* Sources */,
				3511F7141CD0F47B00B5D936 /* Frameworks */,
				3511F7151CD0F47B00B5D936 /* Resources */,
			);
			buildRules = (
			);
			dependencies = (
				3511F7191CD0F47B00B5D936 /* PBXTargetDependency */,
			);
			name = CollectionViewTestUITests;
			productName = CollectionViewTestUITests;
			productReference = 3511F7171CD0F47B00B5D936 /* CollectionViewTestUITests.xctest */;
			productType = "com.apple.product-type.bundle.ui-testing";
		};
/* End PBXNativeTarget section */

/* Begin PBXProject section */
		3511F6F01CD0F47A00B5D936 /* Project object */ = {
			isa = PBXProject;
			attributes = {
				LastSwiftUpdateCheck = 0730;
				LastUpgradeCheck = 0730;
				ORGANIZATIONNAME = "Michael Nino Evensen";
				TargetAttributes = {
					3511F6F71CD0F47A00B5D936 = {
						CreatedOnToolsVersion = 7.3;
						DevelopmentTeam = 9CV8MBD695;
					};
					3511F70B1CD0F47A00B5D936 = {
						CreatedOnToolsVersion = 7.3;
						TestTargetID = 3511F6F71CD0F47A00B5D936;
					};
					3511F7161CD0F47B00B5D936 = {
						CreatedOnToolsVersion = 7.3;
						TestTargetID = 3511F6F71CD0F47A00B5D936;
					};
				};
			};
			buildConfigurationList = 3511F6F31CD0F47A00B5D936 /* Build configuration list for PBXProject "CollectionViewTest" */;
			compatibilityVersion = "Xcode 3.2";
			developmentRegion = English;
			hasScannedForEncodings = 0;
			knownRegions = (
				en,
				Base,
			);
			mainGroup = 3511F6EF1CD0F47A00B5D936;
			productRefGroup = 3511F6F91CD0F47A00B5D936 /* Products */;
			projectDirPath = "";
			projectRoot = "";
			targets = (
				3511F6F71CD0F47A00B5D936 /* CollectionViewTest */,
				3511F70B1CD0F47A00B5D936 /* CollectionViewTestTests */,
				3511F7161CD0F47B00B5D936 /* CollectionViewTestUITests */,
			);
		};
/* End PBXProject section */

/* Begin PBXResourcesBuildPhase section */
		3511F6F61CD0F47A00B5D936 /* Resources */ = {
			isa = PBXResourcesBuildPhase;
			buildActionMask = 2147483647;
			files = (
				3511F7061CD0F47A00B5D936 /* LaunchScreen.storyboard in Resources */,
				3511F7031CD0F47A00B5D936 /* Assets.xcassets in Resources */,
				3511F7011CD0F47A00B5D936 /* Main.storyboard in Resources */,
			);
			runOnlyForDeploymentPostprocessing = 0;
		};
		3511F70A1CD0F47A00B5D936 /* Resources */ = {
			isa = PBXResourcesBuildPhase;
			buildActionMask = 2147483647;
			files = (
			);
			runOnlyForDeploymentPostprocessing = 0;
		};
		3511F7151CD0F47B00B5D936 /* Resources */ = {
			isa = PBXResourcesBuildPhase;
			buildActionMask = 2147483647;
			files = (
			);
			runOnlyForDeploymentPostprocessing = 0;
		};
/* End PBXResourcesBuildPhase section */

/* Begin PBXSourcesBuildPhase section */
		3511F6F41CD0F47A00B5D936 /* Sources */ = {
			isa = PBXSourcesBuildPhase;
			buildActionMask = 2147483647;
			files = (
				9E787C761CD2594400C23C55 /* ArticleTableViewCell.swift in Sources */,
				3511F72D1CD0F6CC00B5D936 /* CategoryCollectionViewCell.swift in Sources */,
				35FD19481CD247E80040BB90 /* TableViewController.swift in Sources */,
				9E787C791CD26ACA00C23C55 /* CategorySectionReusableView.swift in Sources */,
				35FD194F1CD3777A0040BB90 /* CustomSectionHeaderFlowLayout.swift in Sources */,
				3511F6FC1CD0F47A00B5D936 /* AppDelegate.swift in Sources */,
				35FD194A1CD248B40040BB90 /* CategoryTableViewCell.swift in Sources */,
			);
			runOnlyForDeploymentPostprocessing = 0;
		};
		3511F7081CD0F47A00B5D936 /* Sources */ = {
			isa = PBXSourcesBuildPhase;
			buildActionMask = 2147483647;
			files = (
				3511F7111CD0F47A00B5D936 /* CollectionViewTestTests.swift in Sources */,
			);
			runOnlyForDeploymentPostprocessing = 0;
		};
		3511F7131CD0F47B00B5D936 /* Sources */ = {
			isa = PBXSourcesBuildPhase;
			buildActionMask = 2147483647;
			files = (
				3511F71C1CD0F47B00B5D936 /* CollectionViewTestUITests.swift in Sources */,
			);
			runOnlyForDeploymentPostprocessing = 0;
		};
/* End PBXSourcesBuildPhase section */

/* Begin PBXTargetDependency section */
		3511F70E1CD0F47A00B5D936 /* PBXTargetDependency */ = {
			isa = PBXTargetDependency;
			target = 3511F6F71CD0F47A00B5D936 /* CollectionViewTest */;
			targetProxy = 3511F70D1CD0F47A00B5D936 /* PBXContainerItemProxy */;
		};
		3511F7191CD0F47B00B5D936 /* PBXTargetDependency */ = {
			isa = PBXTargetDependency;
			target = 3511F6F71CD0F47A00B5D936 /* CollectionViewTest */;
			targetProxy = 3511F7181CD0F47B00B5D936 /* PBXContainerItemProxy */;
		};
/* End PBXTargetDependency section */

/* Begin PBXVariantGroup section */
		3511F6FF1CD0F47A00B5D936 /* Main.storyboard */ = {
			isa = PBXVariantGroup;
			children = (
				3511F7001CD0F47A00B5D936 /* Base */,
			);
			name = Main.storyboard;
			sourceTree = "<group>";
		};
		3511F7041CD0F47A00B5D936 /* LaunchScreen.storyboard */ = {
			isa = PBXVariantGroup;
			children = (
				3511F7051CD0F47A00B5D936 /* Base */,
			);
			name = LaunchScreen.storyboard;
			sourceTree = "<group>";
		};
/* End PBXVariantGroup section */

/* Begin XCBuildConfiguration section */
		3511F71E1CD0F47B00B5D936 /* Debug */ = {
			isa = XCBuildConfiguration;
			buildSettings = {
				ALWAYS_SEARCH_USER_PATHS = NO;
				CLANG_ANALYZER_NONNULL = YES;
				CLANG_CXX_LANGUAGE_STANDARD = "gnu++0x";
				CLANG_CXX_LIBRARY = "libc++";
				CLANG_ENABLE_MODULES = YES;
				CLANG_ENABLE_OBJC_ARC = YES;
				CLANG_WARN_BOOL_CONVERSION = YES;
				CLANG_WARN_CONSTANT_CONVERSION = YES;
				CLANG_WARN_DIRECT_OBJC_ISA_USAGE = YES_ERROR;
				CLANG_WARN_EMPTY_BODY = YES;
				CLANG_WARN_ENUM_CONVERSION = YES;
				CLANG_WARN_INT_CONVERSION = YES;
				CLANG_WARN_OBJC_ROOT_CLASS = YES_ERROR;
				CLANG_WARN_UNREACHABLE_CODE = YES;
				CLANG_WARN__DUPLICATE_METHOD_MATCH = YES;
				"CODE_SIGN_IDENTITY[sdk=iphoneos*]" = "iPhone Developer";
				COPY_PHASE_STRIP = NO;
				DEBUG_INFORMATION_FORMAT = dwarf;
				ENABLE_STRICT_OBJC_MSGSEND = YES;
				ENABLE_TESTABILITY = YES;
				GCC_C_LANGUAGE_STANDARD = gnu99;
				GCC_DYNAMIC_NO_PIC = NO;
				GCC_NO_COMMON_BLOCKS = YES;
				GCC_OPTIMIZATION_LEVEL = 0;
				GCC_PREPROCESSOR_DEFINITIONS = (
					"DEBUG=1",
					"$(inherited)",
				);
				GCC_WARN_64_TO_32_BIT_CONVERSION = YES;
				GCC_WARN_ABOUT_RETURN_TYPE = YES_ERROR;
				GCC_WARN_UNDECLARED_SELECTOR = YES;
				GCC_WARN_UNINITIALIZED_AUTOS = YES_AGGRESSIVE;
				GCC_WARN_UNUSED_FUNCTION = YES;
				GCC_WARN_UNUSED_VARIABLE = YES;
				IPHONEOS_DEPLOYMENT_TARGET = 9.3;
				MTL_ENABLE_DEBUG_INFO = YES;
				ONLY_ACTIVE_ARCH = YES;
				SDKROOT = iphoneos;
				SWIFT_OPTIMIZATION_LEVEL = "-Onone";
			};
			name = Debug;
		};
		3511F71F1CD0F47B00B5D936 /* Release */ = {
			isa = XCBuildConfiguration;
			buildSettings = {
				ALWAYS_SEARCH_USER_PATHS = NO;
				CLANG_ANALYZER_NONNULL = YES;
				CLANG_CXX_LANGUAGE_STANDARD = "gnu++0x";
				CLANG_CXX_LIBRARY = "libc++";
				CLANG_ENABLE_MODULES = YES;
				CLANG_ENABLE_OBJC_ARC = YES;
				CLANG_WARN_BOOL_CONVERSION = YES;
				CLANG_WARN_CONSTANT_CONVERSION = YES;
				CLANG_WARN_DIRECT_OBJC_ISA_USAGE = YES_ERROR;
				CLANG_WARN_EMPTY_BODY = YES;
				CLANG_WARN_ENUM_CONVERSION = YES;
				CLANG_WARN_INT_CONVERSION = YES;
				CLANG_WARN_OBJC_ROOT_CLASS = YES_ERROR;
				CLANG_WARN_UNREACHABLE_CODE = YES;
				CLANG_WARN__DUPLICATE_METHOD_MATCH = YES;
				"CODE_SIGN_IDENTITY[sdk=iphoneos*]" = "iPhone Developer";
				COPY_PHASE_STRIP = NO;
				DEBUG_INFORMATION_FORMAT = "dwarf-with-dsym";
				ENABLE_NS_ASSERTIONS = NO;
				ENABLE_STRICT_OBJC_MSGSEND = YES;
				GCC_C_LANGUAGE_STANDARD = gnu99;
				GCC_NO_COMMON_BLOCKS = YES;
				GCC_WARN_64_TO_32_BIT_CONVERSION = YES;
				GCC_WARN_ABOUT_RETURN_TYPE = YES_ERROR;
				GCC_WARN_UNDECLARED_SELECTOR = YES;
				GCC_WARN_UNINITIALIZED_AUTOS = YES_AGGRESSIVE;
				GCC_WARN_UNUSED_FUNCTION = YES;
				GCC_WARN_UNUSED_VARIABLE = YES;
				IPHONEOS_DEPLOYMENT_TARGET = 9.3;
				MTL_ENABLE_DEBUG_INFO = NO;
				SDKROOT = iphoneos;
				VALIDATE_PRODUCT = YES;
			};
			name = Release;
		};
		3511F7211CD0F47B00B5D936 /* Debug */ = {
			isa = XCBuildConfiguration;
			buildSettings = {
				ASSETCATALOG_COMPILER_APPICON_NAME = AppIcon;
				CODE_SIGN_IDENTITY = "iPhone Developer";
				"CODE_SIGN_IDENTITY[sdk=iphoneos*]" = "iPhone Developer";
				INFOPLIST_FILE = CollectionViewTest/Info.plist;
				LD_RUNPATH_SEARCH_PATHS = "$(inherited) @executable_path/Frameworks";
				PRODUCT_BUNDLE_IDENTIFIER = no.michaelevensen.CollectionViewTest;
				PRODUCT_NAME = "$(TARGET_NAME)";
				PROVISIONING_PROFILE = "";
			};
			name = Debug;
		};
		3511F7221CD0F47B00B5D936 /* Release */ = {
			isa = XCBuildConfiguration;
			buildSettings = {
				ASSETCATALOG_COMPILER_APPICON_NAME = AppIcon;
				CODE_SIGN_IDENTITY = "iPhone Developer";
				"CODE_SIGN_IDENTITY[sdk=iphoneos*]" = "iPhone Developer";
				INFOPLIST_FILE = CollectionViewTest/Info.plist;
				LD_RUNPATH_SEARCH_PATHS = "$(inherited) @executable_path/Frameworks";
				PRODUCT_BUNDLE_IDENTIFIER = no.michaelevensen.CollectionViewTest;
				PRODUCT_NAME = "$(TARGET_NAME)";
				PROVISIONING_PROFILE = "";
			};
			name = Release;
		};
		3511F7241CD0F47B00B5D936 /* Debug */ = {
			isa = XCBuildConfiguration;
			buildSettings = {
				BUNDLE_LOADER = "$(TEST_HOST)";
				INFOPLIST_FILE = CollectionViewTestTests/Info.plist;
				LD_RUNPATH_SEARCH_PATHS = "$(inherited) @executable_path/Frameworks @loader_path/Frameworks";
				PRODUCT_BUNDLE_IDENTIFIER = no.michaelevensen.CollectionViewTestTests;
				PRODUCT_NAME = "$(TARGET_NAME)";
				TEST_HOST = "$(BUILT_PRODUCTS_DIR)/CollectionViewTest.app/CollectionViewTest";
			};
			name = Debug;
		};
		3511F7251CD0F47B00B5D936 /* Release */ = {
			isa = XCBuildConfiguration;
			buildSettings = {
				BUNDLE_LOADER = "$(TEST_HOST)";
				INFOPLIST_FILE = CollectionViewTestTests/Info.plist;
				LD_RUNPATH_SEARCH_PATHS = "$(inherited) @executable_path/Frameworks @loader_path/Frameworks";
				PRODUCT_BUNDLE_IDENTIFIER = no.michaelevensen.CollectionViewTestTests;
				PRODUCT_NAME = "$(TARGET_NAME)";
				TEST_HOST = "$(BUILT_PRODUCTS_DIR)/CollectionViewTest.app/CollectionViewTest";
			};
			name = Release;
		};
		3511F7271CD0F47B00B5D936 /* Debug */ = {
			isa = XCBuildConfiguration;
			buildSettings = {
				INFOPLIST_FILE = CollectionViewTestUITests/Info.plist;
				LD_RUNPATH_SEARCH_PATHS = "$(inherited) @executable_path/Frameworks @loader_path/Frameworks";
				PRODUCT_BUNDLE_IDENTIFIER = no.michaelevensen.CollectionViewTestUITests;
				PRODUCT_NAME = "$(TARGET_NAME)";
				TEST_TARGET_NAME = CollectionViewTest;
			};
			name = Debug;
		};
		3511F7281CD0F47B00B5D936 /* Release */ = {
			isa = XCBuildConfiguration;
			buildSettings = {
				INFOPLIST_FILE = CollectionViewTestUITests/Info.plist;
				LD_RUNPATH_SEARCH_PATHS = "$(inherited) @executable_path/Frameworks @loader_path/Frameworks";
				PRODUCT_BUNDLE_IDENTIFIER = no.michaelevensen.CollectionViewTestUITests;
				PRODUCT_NAME = "$(TARGET_NAME)";
				TEST_TARGET_NAME = CollectionViewTest;
			};
			name = Release;
		};
/* End XCBuildConfiguration section */

/* Begin XCConfigurationList section */
		3511F6F31CD0F47A00B5D936 /* Build configuration list for PBXProject "CollectionViewTest" */ = {
			isa = XCConfigurationList;
			buildConfigurations = (
				3511F71E1CD0F47B00B5D936 /* Debug */,
				3511F71F1CD0F47B00B5D936 /* Release */,
			);
			defaultConfigurationIsVisible = 0;
			defaultConfigurationName = Release;
		};
		3511F7201CD0F47B00B5D936 /* Build configuration list for PBXNativeTarget "CollectionViewTest" */ = {
			isa = XCConfigurationList;
			buildConfigurations = (
				3511F7211CD0F47B00B5D936 /* Debug */,
				3511F7221CD0F47B00B5D936 /* Release */,
			);
			defaultConfigurationIsVisible = 0;
			defaultConfigurationName = Release;
		};
		3511F7231CD0F47B00B5D936 /* Build configuration list for PBXNativeTarget "CollectionViewTestTests" */ = {
			isa = XCConfigurationList;
			buildConfigurations = (
				3511F7241CD0F47B00B5D936 /* Debug */,
				3511F7251CD0F47B00B5D936 /* Release */,
			);
			defaultConfigurationIsVisible = 0;
			defaultConfigurationName = Release;
		};
		3511F7261CD0F47B00B5D936 /* Build configuration list for PBXNativeTarget "CollectionViewTestUITests" */ = {
			isa = XCConfigurationList;
			buildConfigurations = (
				3511F7271CD0F47B00B5D936 /* Debug */,
				3511F7281CD0F47B00B5D936 /* Release */,
			);
			defaultConfigurationIsVisible = 0;
			defaultConfigurationName = Release;
		};
/* End XCConfigurationList section */
	};
	rootObject = 3511F6F01CD0F47A00B5D936 /* Project object */;
}
